
Microsoft Visual Studio Solution File, Format Version 12.00
# Visual Studio Version 17
VisualStudioVersion = 17.10.34928.147
MinimumVisualStudioVersion = 10.0.40219.1
Project("{9A19103F-16F7-4668-BE54-9A1E7A4F7556}") = "StockManagement.Domain", "StockManagement.Core\StockManagement.Domain.csproj", "{3E429AB0-5961-458B-85C4-CD74D376B37B}"
EndProject
Project("{9A19103F-16F7-4668-BE54-9A1E7A4F7556}") = "StockManagement.Data", "StockManagement.Data\StockManagement.Data.csproj", "{954ADE45-9441-4A82-B11D-957103E0546D}"
EndProject
Project("{9A19103F-16F7-4668-BE54-9A1E7A4F7556}") = "StockManagement.Identity", "StockManagement.Identity\StockManagement.Identity.csproj", "{99FD187E-0967-4A3B-8889-D6E125D0D0CD}"
EndProject
Project("{9A19103F-16F7-4668-BE54-9A1E7A4F7556}") = "StockManagement.Api", "StockManagement.Api\StockManagement.Api.csproj", "{D81ECB93-ED15-4405-90AB-6A4DF100499E}"
EndProject
Project("{9A19103F-16F7-4668-BE54-9A1E7A4F7556}") = "StockManagement.Application", "StockManagement.Application\StockManagement.Application.csproj", "{01E8C81E-0294-4A7E-A52B-5CE59DE138A6}"
EndProject
Project("{9A19103F-16F7-4668-BE54-9A1E7A4F7556}") = "StockManagement.BlazorWebApp", "StockManagement.BlazorWebApp\StockManagement.BlazorWebApp.csproj", "{588C0D57-CDBC-48B7-93EA-05EA596D3DEF}"
EndProject
Project("{FAE04EC0-301F-11D3-BF4B-00C04F79EFBC}") = "StockManagement.Shared", "StockManagement.Shared\StockManagement.Shared.csproj", "{970AAD5C-5114-4254-A883-2913A550FCB3}"
EndProject
Global
	GlobalSection(SolutionConfigurationPlatforms) = preSolution
		Debug|Any CPU = Debug|Any CPU
		Release|Any CPU = Release|Any CPU
	EndGlobalSection
	GlobalSection(ProjectConfigurationPlatforms) = postSolution
		{3E429AB0-5961-458B-85C4-CD74D376B37B}.Debug|Any CPU.ActiveCfg = Debug|Any CPU
		{3E429AB0-5961-458B-85C4-CD74D376B37B}.Debug|Any CPU.Build.0 = Debug|Any CPU
		{3E429AB0-5961-458B-85C4-CD74D376B37B}.Release|Any CPU.ActiveCfg = Release|Any CPU
		{3E429AB0-5961-458B-85C4-CD74D376B37B}.Release|Any CPU.Build.0 = Release|Any CPU
		{954ADE45-9441-4A82-B11D-957103E0546D}.Debug|Any CPU.ActiveCfg = Debug|Any CPU
		{954ADE45-9441-4A82-B11D-957103E0546D}.Debug|Any CPU.Build.0 = Debug|Any CPU
		{954ADE45-9441-4A82-B11D-957103E0546D}.Release|Any CPU.ActiveCfg = Release|Any CPU
		{954ADE45-9441-4A82-B11D-957103E0546D}.Release|Any CPU.Build.0 = Release|Any CPU
		{99FD187E-0967-4A3B-8889-D6E125D0D0CD}.Debug|Any CPU.ActiveCfg = Debug|Any CPU
		{99FD187E-0967-4A3B-8889-D6E125D0D0CD}.Debug|Any CPU.Build.0 = Debug|Any CPU
		{99FD187E-0967-4A3B-8889-D6E125D0D0CD}.Release|Any CPU.ActiveCfg = Release|Any CPU
		{99FD187E-0967-4A3B-8889-D6E125D0D0CD}.Release|Any CPU.Build.0 = Release|Any CPU
		{D81ECB93-ED15-4405-90AB-6A4DF100499E}.Debug|Any CPU.ActiveCfg = Debug|Any CPU
		{D81ECB93-ED15-4405-90AB-6A4DF100499E}.Debug|Any CPU.Build.0 = Debug|Any CPU
		{D81ECB93-ED15-4405-90AB-6A4DF100499E}.Release|Any CPU.ActiveCfg = Release|Any CPU
		{D81ECB93-ED15-4405-90AB-6A4DF100499E}.Release|Any CPU.Build.0 = Release|Any CPU
		{01E8C81E-0294-4A7E-A52B-5CE59DE138A6}.Debug|Any CPU.ActiveCfg = Debug|Any CPU
		{01E8C81E-0294-4A7E-A52B-5CE59DE138A6}.Debug|Any CPU.Build.0 = Debug|Any CPU
		{01E8C81E-0294-4A7E-A52B-5CE59DE138A6}.Release|Any CPU.ActiveCfg = Release|Any CPU
		{01E8C81E-0294-4A7E-A52B-5CE59DE138A6}.Release|Any CPU.Build.0 = Release|Any CPU
		{588C0D57-CDBC-48B7-93EA-05EA596D3DEF}.Debug|Any CPU.ActiveCfg = Debug|Any CPU
		{588C0D57-CDBC-48B7-93EA-05EA596D3DEF}.Debug|Any CPU.Build.0 = Debug|Any CPU
		{588C0D57-CDBC-48B7-93EA-05EA596D3DEF}.Release|Any CPU.ActiveCfg = Release|Any CPU
		{588C0D57-CDBC-48B7-93EA-05EA596D3DEF}.Release|Any CPU.Build.0 = Release|Any CPU
		{970AAD5C-5114-4254-A883-2913A550FCB3}.Debug|Any CPU.ActiveCfg = Debug|Any CPU
		{970AAD5C-5114-4254-A883-2913A550FCB3}.Debug|Any CPU.Build.0 = Debug|Any CPU
		{970AAD5C-5114-4254-A883-2913A550FCB3}.Release|Any CPU.ActiveCfg = Release|Any CPU
		{970AAD5C-5114-4254-A883-2913A550FCB3}.Release|Any CPU.Build.0 = Release|Any CPU
	EndGlobalSection
	GlobalSection(SolutionProperties) = preSolution
		HideSolutionNode = FALSE
	EndGlobalSection
	GlobalSection(ExtensibilityGlobals) = postSolution
		SolutionGuid = {C77134E3-4AC0-4131-A407-DEA387C619A2}
	EndGlobalSection
EndGlobal
